
Microsoft Visual Studio Solution File, Format Version 12.00
# Visual Studio Version 16
VisualStudioVersion = 16.0.30523.141
MinimumVisualStudioVersion = 10.0.40219.1
Project("{FAE04EC0-301F-11D3-BF4B-00C04F79EFBC}") = "2.3", "2.3\2.3.csproj", "{49DC63FD-C5C6-4417-BDF8-4805C557FC40}"
EndProject
Global
	GlobalSection(SolutionConfigurationPlatforms) = preSolution
		Debug|Any CPU = Debug|Any CPU
		Release|Any CPU = Release|Any CPU
	EndGlobalSection
	GlobalSection(ProjectConfigurationPlatforms) = postSolution
		{49DC63FD-C5C6-4417-BDF8-4805C557FC40}.Debug|Any CPU.ActiveCfg = Debug|Any CPU
		{49DC63FD-C5C6-4417-BDF8-4805C557FC40}.Debug|Any CPU.Build.0 = Debug|Any CPU
		{49DC63FD-C5C6-4417-BDF8-4805C557FC40}.Release|Any CPU.ActiveCfg = Release|Any CPU
		{49DC63FD-C5C6-4417-BDF8-4805C557FC40}.Release|Any CPU.Build.0 = Release|Any CPU
	EndGlobalSection
	GlobalSection(SolutionProperties) = preSolution
		HideSolutionNode = FALSE
	EndGlobalSection
	GlobalSection(ExtensibilityGlobals) = postSolution
		SolutionGuid = {AE2567CB-348E-4C2F-8C15-6399E83DDB96}
	EndGlobalSection
EndGlobal
